{
  "requires": true,
  "lockfileVersion": 1,
  "dependencies": {
    "angular-bootstrap-md": {
      "version": "6.2.0",
      "resolved": "https://registry.npmjs.org/angular-bootstrap-md/-/angular-bootstrap-md-6.2.0.tgz",
      "integrity": "sha512-GawufxT6PMMV9wecppIU/Nbn8ko7fVNcT/TXNztu9f10+dDgTaWSwA63fuLIN/3/KHgd3hYNa2HeIMFRqeIOaA=="
    }
  }
}
